
Microsoft Visual Studio Solution File, Format Version 12.00
# Visual Studio Version 16
VisualStudioVersion = 16.0.30907.101
MinimumVisualStudioVersion = 10.0.40219.1
Project("{FAE04EC0-301F-11D3-BF4B-00C04F79EFBC}") = "PersonApp", "PersonApp\PersonApp.csproj", "{C42A6182-07DE-4E56-8CDC-CCA17E97E99A}"
EndProject
Global
	GlobalSection(SolutionConfigurationPlatforms) = preSolution
		Debug|Any CPU = Debug|Any CPU
		Release|Any CPU = Release|Any CPU
	EndGlobalSection
	GlobalSection(ProjectConfigurationPlatforms) = postSolution
		{C42A6182-07DE-4E56-8CDC-CCA17E97E99A}.Debug|Any CPU.ActiveCfg = Debug|Any CPU
		{C42A6182-07DE-4E56-8CDC-CCA17E97E99A}.Debug|Any CPU.Build.0 = Debug|Any CPU
		{C42A6182-07DE-4E56-8CDC-CCA17E97E99A}.Release|Any CPU.ActiveCfg = Release|Any CPU
		{C42A6182-07DE-4E56-8CDC-CCA17E97E99A}.Release|Any CPU.Build.0 = Release|Any CPU
	EndGlobalSection
	GlobalSection(SolutionProperties) = preSolution
		HideSolutionNode = FALSE
	EndGlobalSection
	GlobalSection(ExtensibilityGlobals) = postSolution
		SolutionGuid = {777D86FE-C6E8-4961-AF4B-F66294D1F35A}
	EndGlobalSection
EndGlobal
