
Microsoft Visual Studio Solution File, Format Version 12.00
# Visual Studio Version 16
VisualStudioVersion = 16.0.30907.101
MinimumVisualStudioVersion = 10.0.40219.1
Project("{FAE04EC0-301F-11D3-BF4B-00C04F79EFBC}") = "toStringOverride", "toStringOverride\toStringOverride.csproj", "{4AD8573C-3AC1-4BCE-9B3A-3267B2149034}"
EndProject
Global
	GlobalSection(SolutionConfigurationPlatforms) = preSolution
		Debug|Any CPU = Debug|Any CPU
		Release|Any CPU = Release|Any CPU
	EndGlobalSection
	GlobalSection(ProjectConfigurationPlatforms) = postSolution
		{4AD8573C-3AC1-4BCE-9B3A-3267B2149034}.Debug|Any CPU.ActiveCfg = Debug|Any CPU
		{4AD8573C-3AC1-4BCE-9B3A-3267B2149034}.Debug|Any CPU.Build.0 = Debug|Any CPU
		{4AD8573C-3AC1-4BCE-9B3A-3267B2149034}.Release|Any CPU.ActiveCfg = Release|Any CPU
		{4AD8573C-3AC1-4BCE-9B3A-3267B2149034}.Release|Any CPU.Build.0 = Release|Any CPU
	EndGlobalSection
	GlobalSection(SolutionProperties) = preSolution
		HideSolutionNode = FALSE
	EndGlobalSection
	GlobalSection(ExtensibilityGlobals) = postSolution
		SolutionGuid = {5CD31CC1-FF3E-4640-8C1B-95758266947F}
	EndGlobalSection
EndGlobal
