
Microsoft Visual Studio Solution File, Format Version 12.00
# Visual Studio Version 16
VisualStudioVersion = 16.0.31005.135
MinimumVisualStudioVersion = 10.0.40219.1
Project("{FAE04EC0-301F-11D3-BF4B-00C04F79EFBC}") = "Opgave5", "Opgave5\Opgave5.csproj", "{A39B9922-4B9F-4381-835D-974DE34EE1E2}"
EndProject
Global
	GlobalSection(SolutionConfigurationPlatforms) = preSolution
		Debug|Any CPU = Debug|Any CPU
		Release|Any CPU = Release|Any CPU
	EndGlobalSection
	GlobalSection(ProjectConfigurationPlatforms) = postSolution
		{A39B9922-4B9F-4381-835D-974DE34EE1E2}.Debug|Any CPU.ActiveCfg = Debug|Any CPU
		{A39B9922-4B9F-4381-835D-974DE34EE1E2}.Debug|Any CPU.Build.0 = Debug|Any CPU
		{A39B9922-4B9F-4381-835D-974DE34EE1E2}.Release|Any CPU.ActiveCfg = Release|Any CPU
		{A39B9922-4B9F-4381-835D-974DE34EE1E2}.Release|Any CPU.Build.0 = Release|Any CPU
	EndGlobalSection
	GlobalSection(SolutionProperties) = preSolution
		HideSolutionNode = FALSE
	EndGlobalSection
	GlobalSection(ExtensibilityGlobals) = postSolution
		SolutionGuid = {C4CE6118-EBE7-4F5D-9607-EE6718DA1707}
	EndGlobalSection
EndGlobal
