
Microsoft Visual Studio Solution File, Format Version 12.00
# Visual Studio Version 16
VisualStudioVersion = 16.0.30907.101
MinimumVisualStudioVersion = 10.0.40219.1
Project("{FAE04EC0-301F-11D3-BF4B-00C04F79EFBC}") = "Opgave5", "Opgave5.csproj", "{BCF8880E-B5F2-4DD3-B070-8CAA73BF22B3}"
EndProject
Global
	GlobalSection(SolutionConfigurationPlatforms) = preSolution
		Debug|Any CPU = Debug|Any CPU
		Release|Any CPU = Release|Any CPU
	EndGlobalSection
	GlobalSection(ProjectConfigurationPlatforms) = postSolution
		{BCF8880E-B5F2-4DD3-B070-8CAA73BF22B3}.Debug|Any CPU.ActiveCfg = Debug|Any CPU
		{BCF8880E-B5F2-4DD3-B070-8CAA73BF22B3}.Debug|Any CPU.Build.0 = Debug|Any CPU
		{BCF8880E-B5F2-4DD3-B070-8CAA73BF22B3}.Release|Any CPU.ActiveCfg = Release|Any CPU
		{BCF8880E-B5F2-4DD3-B070-8CAA73BF22B3}.Release|Any CPU.Build.0 = Release|Any CPU
	EndGlobalSection
	GlobalSection(SolutionProperties) = preSolution
		HideSolutionNode = FALSE
	EndGlobalSection
	GlobalSection(ExtensibilityGlobals) = postSolution
		SolutionGuid = {84068AF3-B488-439F-8CD5-2A08A3E9905A}
	EndGlobalSection
EndGlobal
