
Microsoft Visual Studio Solution File, Format Version 12.00
# Visual Studio Version 16
VisualStudioVersion = 16.0.31005.135
MinimumVisualStudioVersion = 10.0.40219.1
Project("{FAE04EC0-301F-11D3-BF4B-00C04F79EFBC}") = "ReadFile", "ReadFile\ReadFile.csproj", "{AD1203DC-5308-41B2-9525-D602991578A8}"
EndProject
Global
	GlobalSection(SolutionConfigurationPlatforms) = preSolution
		Debug|Any CPU = Debug|Any CPU
		Release|Any CPU = Release|Any CPU
	EndGlobalSection
	GlobalSection(ProjectConfigurationPlatforms) = postSolution
		{AD1203DC-5308-41B2-9525-D602991578A8}.Debug|Any CPU.ActiveCfg = Debug|Any CPU
		{AD1203DC-5308-41B2-9525-D602991578A8}.Debug|Any CPU.Build.0 = Debug|Any CPU
		{AD1203DC-5308-41B2-9525-D602991578A8}.Release|Any CPU.ActiveCfg = Release|Any CPU
		{AD1203DC-5308-41B2-9525-D602991578A8}.Release|Any CPU.Build.0 = Release|Any CPU
	EndGlobalSection
	GlobalSection(SolutionProperties) = preSolution
		HideSolutionNode = FALSE
	EndGlobalSection
	GlobalSection(ExtensibilityGlobals) = postSolution
		SolutionGuid = {13ECB3D2-6B5C-4D3B-BC73-269314D28931}
	EndGlobalSection
EndGlobal
