
Microsoft Visual Studio Solution File, Format Version 12.00
# Visual Studio Version 16
VisualStudioVersion = 16.0.30907.101
MinimumVisualStudioVersion = 10.0.40219.1
Project("{FAE04EC0-301F-11D3-BF4B-00C04F79EFBC}") = "Sortering", "Sortering\Sortering.csproj", "{759D6C4E-19EC-404E-9620-0CCEA84C3037}"
EndProject
Global
	GlobalSection(SolutionConfigurationPlatforms) = preSolution
		Debug|Any CPU = Debug|Any CPU
		Release|Any CPU = Release|Any CPU
	EndGlobalSection
	GlobalSection(ProjectConfigurationPlatforms) = postSolution
		{759D6C4E-19EC-404E-9620-0CCEA84C3037}.Debug|Any CPU.ActiveCfg = Debug|Any CPU
		{759D6C4E-19EC-404E-9620-0CCEA84C3037}.Debug|Any CPU.Build.0 = Debug|Any CPU
		{759D6C4E-19EC-404E-9620-0CCEA84C3037}.Release|Any CPU.ActiveCfg = Release|Any CPU
		{759D6C4E-19EC-404E-9620-0CCEA84C3037}.Release|Any CPU.Build.0 = Release|Any CPU
	EndGlobalSection
	GlobalSection(SolutionProperties) = preSolution
		HideSolutionNode = FALSE
	EndGlobalSection
	GlobalSection(ExtensibilityGlobals) = postSolution
		SolutionGuid = {C3DD04F1-9942-462A-9742-F5E072E0CD95}
	EndGlobalSection
EndGlobal
